
Microsoft Visual Studio Solution File, Format Version 10.00
# Visual Studio 2008
Project("{8BC9CEB8-8B4A-11D0-8D11-00A0C91BC942}") = "vector_swap", "vector_swap\vector_swap.vcproj", "{50B78E95-B991-48E5-85E1-9C5E5A6D25D8}"
EndProject
Global
	GlobalSection(SolutionConfigurationPlatforms) = preSolution
		Debug|Win32 = Debug|Win32
		Release|Win32 = Release|Win32
	EndGlobalSection
	GlobalSection(ProjectConfigurationPlatforms) = postSolution
		{50B78E95-B991-48E5-85E1-9C5E5A6D25D8}.Debug|Win32.ActiveCfg = Debug|Win32
		{50B78E95-B991-48E5-85E1-9C5E5A6D25D8}.Debug|Win32.Build.0 = Debug|Win32
		{50B78E95-B991-48E5-85E1-9C5E5A6D25D8}.Release|Win32.ActiveCfg = Release|Win32
		{50B78E95-B991-48E5-85E1-9C5E5A6D25D8}.Release|Win32.Build.0 = Release|Win32
	EndGlobalSection
	GlobalSection(SolutionProperties) = preSolution
		HideSolutionNode = FALSE
	EndGlobalSection
EndGlobal
