
Microsoft Visual Studio Solution File, Format Version 10.00
# Visual Studio 2008
Project("{8BC9CEB8-8B4A-11D0-8D11-00A0C91BC942}") = "vector_clear_empty", "vector_clear_empty\vector_clear_empty.vcproj", "{205BD5FF-8EC6-46D4-860C-EE9493F233EF}"
EndProject
Global
	GlobalSection(SolutionConfigurationPlatforms) = preSolution
		Debug|Win32 = Debug|Win32
		Release|Win32 = Release|Win32
	EndGlobalSection
	GlobalSection(ProjectConfigurationPlatforms) = postSolution
		{205BD5FF-8EC6-46D4-860C-EE9493F233EF}.Debug|Win32.ActiveCfg = Debug|Win32
		{205BD5FF-8EC6-46D4-860C-EE9493F233EF}.Debug|Win32.Build.0 = Debug|Win32
		{205BD5FF-8EC6-46D4-860C-EE9493F233EF}.Release|Win32.ActiveCfg = Release|Win32
		{205BD5FF-8EC6-46D4-860C-EE9493F233EF}.Release|Win32.Build.0 = Release|Win32
	EndGlobalSection
	GlobalSection(SolutionProperties) = preSolution
		HideSolutionNode = FALSE
	EndGlobalSection
EndGlobal
